
Microsoft Visual Studio Solution File, Format Version 12.00
# Visual Studio Version 17
VisualStudioVersion = 17.2.32616.157
MinimumVisualStudioVersion = 10.0.40219.1
Project("{FAE04EC0-301F-11D3-BF4B-00C04F79EFBC}") = "GIT_es1", "GIT_es1\GIT_es1.csproj", "{F9BDD1FE-A1FF-4B2E-B7CF-324CB14D7F5B}"
EndProject
Global
	GlobalSection(SolutionConfigurationPlatforms) = preSolution
		Debug|Any CPU = Debug|Any CPU
		Release|Any CPU = Release|Any CPU
	EndGlobalSection
	GlobalSection(ProjectConfigurationPlatforms) = postSolution
		{F9BDD1FE-A1FF-4B2E-B7CF-324CB14D7F5B}.Debug|Any CPU.ActiveCfg = Debug|Any CPU
		{F9BDD1FE-A1FF-4B2E-B7CF-324CB14D7F5B}.Debug|Any CPU.Build.0 = Debug|Any CPU
		{F9BDD1FE-A1FF-4B2E-B7CF-324CB14D7F5B}.Release|Any CPU.ActiveCfg = Release|Any CPU
		{F9BDD1FE-A1FF-4B2E-B7CF-324CB14D7F5B}.Release|Any CPU.Build.0 = Release|Any CPU
	EndGlobalSection
	GlobalSection(SolutionProperties) = preSolution
		HideSolutionNode = FALSE
	EndGlobalSection
	GlobalSection(ExtensibilityGlobals) = postSolution
		SolutionGuid = {C127850D-029D-4F45-A3F7-5C7FAA4117E8}
	EndGlobalSection
EndGlobal
